
Microsoft Visual Studio Solution File, Format Version 12.00
# Visual Studio 14
VisualStudioVersion = 14.0.25420.1
MinimumVisualStudioVersion = 10.0.40219.1
Project("{2150E333-8FDC-42A3-9474-1A3956D46DE8}") = "A_Core", "A_Core", "{A7427832-5548-42F0-A355-2C11C1515CE2}"
EndProject
Project("{2150E333-8FDC-42A3-9474-1A3956D46DE8}") = "B_Common", "B_Common", "{CC68E7E8-0034-4DB4-B43D-2E0624B70D3D}"
EndProject
Project("{2150E333-8FDC-42A3-9474-1A3956D46DE8}") = "C_Data", "C_Data", "{CEF6C45D-FDC4-4FF1-89C7-5DEFF1A94044}"
EndProject
Project("{2150E333-8FDC-42A3-9474-1A3956D46DE8}") = "D_Services", "D_Services", "{48B22629-B339-475E-A60E-4811F132A1A0}"
EndProject
Project("{2150E333-8FDC-42A3-9474-1A3956D46DE8}") = "E_App", "E_App", "{7009642E-3EC8-422E-BFB6-E3DD4AF2F325}"
	ProjectSection(SolutionItems) = preProject
		Services\IBusiness.Services\Class1.cs = Services\IBusiness.Services\Class1.cs
	EndProjectSection
EndProject
Project("{2150E333-8FDC-42A3-9474-1A3956D46DE8}") = "F_Api", "F_Api", "{94358431-388E-4216-9353-69955AB7A3A5}"
EndProject
Project("{2150E333-8FDC-42A3-9474-1A3956D46DE8}") = "G_Document", "G_Document", "{95A4E41A-D523-47C8-A459-07633ECF5B27}"
EndProject
Project("{2150E333-8FDC-42A3-9474-1A3956D46DE8}") = "T_Test", "T_Test", "{115D05B2-E0DC-45EB-9B52-94C1CEE3A01C}"
EndProject
Project("{2150E333-8FDC-42A3-9474-1A3956D46DE8}") = "Web", "Web", "{65728369-8C08-402F-94DA-51D3D158187C}"
EndProject
Project("{2150E333-8FDC-42A3-9474-1A3956D46DE8}") = "WinForm", "WinForm", "{35829FDA-0DF8-4046-9399-B292ABCE5D03}"
EndProject
Project("{FAE04EC0-301F-11D3-BF4B-00C04F79EFBC}") = "Core.Config", "Core\Core.Config\Core.Config.csproj", "{77FD0C0E-3156-4183-8FC4-572B9E3CDD89}"
EndProject
Project("{FAE04EC0-301F-11D3-BF4B-00C04F79EFBC}") = "Core.EnumType", "Core\Core.EnumType\Core.EnumType.csproj", "{105694CD-48D6-404E-8AC1-1F994D9DC946}"
EndProject
Project("{FAE04EC0-301F-11D3-BF4B-00C04F79EFBC}") = "Core.Model", "Core\Core.Model\Core.Model.csproj", "{73EC626F-1763-41A5-8FE6-C0022E7C1EFA}"
EndProject
Project("{FAE04EC0-301F-11D3-BF4B-00C04F79EFBC}") = "Common.DataEntity", "Common\Common.DataEntity\Common.DataEntity.csproj", "{BD34E03A-678D-4DEA-AC36-F3A71AC5EC7A}"
EndProject
Project("{FAE04EC0-301F-11D3-BF4B-00C04F79EFBC}") = "Common.Logging", "Common\Common.Logging\Common.Logging.csproj", "{09B7FA53-1B1C-4199-91BB-0EABE1A280DA}"
EndProject
Project("{FAE04EC0-301F-11D3-BF4B-00C04F79EFBC}") = "Common.MvcPager", "Common\Common.MvcPager\Common.MvcPager.csproj", "{EB54AA5A-1F91-4FDD-8E36-75EA8BE6CE7D}"
EndProject
Project("{FAE04EC0-301F-11D3-BF4B-00C04F79EFBC}") = "Common.RabbitMQ", "Common\Common.RabbitMQ\Common.RabbitMQ.csproj", "{CD4A416B-40A0-4818-80A0-8B97923B73D4}"
EndProject
Project("{FAE04EC0-301F-11D3-BF4B-00C04F79EFBC}") = "Common.Repository.SqlSugar", "Common\Common.Repository\Common.Repository.SqlSugar.csproj", "{20F5D29C-BB62-461D-82C2-D9CCAB707DFD}"
EndProject
Project("{FAE04EC0-301F-11D3-BF4B-00C04F79EFBC}") = "Common.Safety", "Common\Common.Safety\Common.Safety.csproj", "{08A87327-29D7-45A8-8391-8171430F82A1}"
EndProject
Project("{FAE04EC0-301F-11D3-BF4B-00C04F79EFBC}") = "Common.Tools", "Common\Common.Tools\Common.Tools.csproj", "{B0CB5C13-B334-4DA8-8267-2E2B42B9F023}"
EndProject
Project("{FAE04EC0-301F-11D3-BF4B-00C04F79EFBC}") = "Common.Web", "Common\Common.Web\Common.Web.csproj", "{50B05137-7608-4607-A278-70AE46752881}"
EndProject
Project("{FAE04EC0-301F-11D3-BF4B-00C04F79EFBC}") = "Common.WebEntity", "Common\Common.WebEntity\Common.WebEntity.csproj", "{915810E8-DABF-452D-A33E-F82057132DE6}"
EndProject
Project("{FAE04EC0-301F-11D3-BF4B-00C04F79EFBC}") = "MyFramework.Common", "Common\MyFramework.Common\MyFramework.Common.csproj", "{A7DFE904-5189-49CE-A1CD-E00D93A3B980}"
EndProject
Project("{FAE04EC0-301F-11D3-BF4B-00C04F79EFBC}") = "MySqlSugar", "Common\MySqlSugar\MySqlSugar.csproj", "{46A17E67-7E3E-4369-9B1F-43BA34BBDAEF}"
EndProject
Project("{FAE04EC0-301F-11D3-BF4B-00C04F79EFBC}") = "Data.Configs", "Data\Data.Configs\Data.Configs.csproj", "{029743AF-7D4F-4358-AEE5-A8F3D94995FB}"
EndProject
Project("{FAE04EC0-301F-11D3-BF4B-00C04F79EFBC}") = "Data.Core", "Data\Data.Core\Data.Core.csproj", "{D207CC69-AECC-47B7-8BCB-0F97BB54255E}"
EndProject
Project("{FAE04EC0-301F-11D3-BF4B-00C04F79EFBC}") = "Data.Entities", "Data\Data.Entities\Data.Entities.csproj", "{B2B70CE5-1669-4CFB-8305-7A986F6B890C}"
EndProject
Project("{FAE04EC0-301F-11D3-BF4B-00C04F79EFBC}") = "Data.Repositories", "Data\Data.Repositories\Data.Repositories.csproj", "{1526AAFB-D4E8-480D-9002-7845A6031214}"
EndProject
Project("{FAE04EC0-301F-11D3-BF4B-00C04F79EFBC}") = "Common.Cache", "Common\Common.Cache\Common.Cache.csproj", "{06667FE2-5D4C-4466-94C3-A879A36491F1}"
EndProject
Project("{FAE04EC0-301F-11D3-BF4B-00C04F79EFBC}") = "Common.QR", "Common\Common.QR\Common.QR.csproj", "{F3EA052C-2984-4CA5-B35B-7C57A054FA43}"
EndProject
Project("{FAE04EC0-301F-11D3-BF4B-00C04F79EFBC}") = "Common.MongoRepository", "Common\Common.MongoRepository\Common.MongoRepository.csproj", "{CE75B2FE-C027-42F6-8D00-E44CC38BE7C7}"
EndProject
Project("{FAE04EC0-301F-11D3-BF4B-00C04F79EFBC}") = "Cach.MongoEntities", "Data\Cach.MongoEntities\Cach.MongoEntities.csproj", "{40939D61-31DF-43AA-9485-2DAE708D23ED}"
EndProject
Project("{FAE04EC0-301F-11D3-BF4B-00C04F79EFBC}") = "Cach.MongoRepositories", "Data\Cach.MongoRepositories\Cach.MongoRepositories.csproj", "{19DC709D-3BEA-4C6E-91C1-2BAA77016A8F}"
EndProject
Project("{FAE04EC0-301F-11D3-BF4B-00C04F79EFBC}") = "Common.ALiYun", "Common\Common.ALiYun\Common.ALiYun.csproj", "{EB3F3838-4E2E-4AE3-AEAB-A5F314694BF2}"
EndProject
Project("{FAE04EC0-301F-11D3-BF4B-00C04F79EFBC}") = "Common.ElasticsearchDb", "Common\Common.ElasticsearchDb\Common.ElasticsearchDb.csproj", "{579C6F2E-3464-45A1-8DEF-B8150DBBB11E}"
EndProject
Project("{FAE04EC0-301F-11D3-BF4B-00C04F79EFBC}") = "SharingShop.ShopApi", "Api\SharingShop.ShopApi\SharingShop.ShopApi.csproj", "{55EF5D10-F92C-434C-A23C-2D3573D9F0E9}"
EndProject
Project("{FAE04EC0-301F-11D3-BF4B-00C04F79EFBC}") = "SharingShop.ShopApi.Tests", "Test\SharingShop.ShopApi.Tests\SharingShop.ShopApi.Tests.csproj", "{6F0DB927-2BCE-4336-A715-96D377909DB8}"
EndProject
Project("{FAE04EC0-301F-11D3-BF4B-00C04F79EFBC}") = "Business.Services", "Services\Business.Services\Business.Services.csproj", "{40C39E63-67B7-4DCA-9395-A6F8039DA56A}"
EndProject
Project("{FAE04EC0-301F-11D3-BF4B-00C04F79EFBC}") = "IBusiness.Services", "Services\IBusiness.Services\IBusiness.Services.csproj", "{8AE85C33-965C-4963-A004-70208B83BFDB}"
EndProject
Global
	GlobalSection(SolutionConfigurationPlatforms) = preSolution
		Debug|Any CPU = Debug|Any CPU
		Debug|x86 = Debug|x86
		Release|Any CPU = Release|Any CPU
		Release|x86 = Release|x86
	EndGlobalSection
	GlobalSection(ProjectConfigurationPlatforms) = postSolution
		{77FD0C0E-3156-4183-8FC4-572B9E3CDD89}.Debug|Any CPU.ActiveCfg = Debug|Any CPU
		{77FD0C0E-3156-4183-8FC4-572B9E3CDD89}.Debug|Any CPU.Build.0 = Debug|Any CPU
		{77FD0C0E-3156-4183-8FC4-572B9E3CDD89}.Debug|x86.ActiveCfg = Debug|Any CPU
		{77FD0C0E-3156-4183-8FC4-572B9E3CDD89}.Debug|x86.Build.0 = Debug|Any CPU
		{77FD0C0E-3156-4183-8FC4-572B9E3CDD89}.Release|Any CPU.ActiveCfg = Release|Any CPU
		{77FD0C0E-3156-4183-8FC4-572B9E3CDD89}.Release|Any CPU.Build.0 = Release|Any CPU
		{77FD0C0E-3156-4183-8FC4-572B9E3CDD89}.Release|x86.ActiveCfg = Release|Any CPU
		{77FD0C0E-3156-4183-8FC4-572B9E3CDD89}.Release|x86.Build.0 = Release|Any CPU
		{105694CD-48D6-404E-8AC1-1F994D9DC946}.Debug|Any CPU.ActiveCfg = Debug|Any CPU
		{105694CD-48D6-404E-8AC1-1F994D9DC946}.Debug|Any CPU.Build.0 = Debug|Any CPU
		{105694CD-48D6-404E-8AC1-1F994D9DC946}.Debug|x86.ActiveCfg = Debug|Any CPU
		{105694CD-48D6-404E-8AC1-1F994D9DC946}.Debug|x86.Build.0 = Debug|Any CPU
		{105694CD-48D6-404E-8AC1-1F994D9DC946}.Release|Any CPU.ActiveCfg = Release|Any CPU
		{105694CD-48D6-404E-8AC1-1F994D9DC946}.Release|Any CPU.Build.0 = Release|Any CPU
		{105694CD-48D6-404E-8AC1-1F994D9DC946}.Release|x86.ActiveCfg = Release|Any CPU
		{105694CD-48D6-404E-8AC1-1F994D9DC946}.Release|x86.Build.0 = Release|Any CPU
		{73EC626F-1763-41A5-8FE6-C0022E7C1EFA}.Debug|Any CPU.ActiveCfg = Debug|Any CPU
		{73EC626F-1763-41A5-8FE6-C0022E7C1EFA}.Debug|Any CPU.Build.0 = Debug|Any CPU
		{73EC626F-1763-41A5-8FE6-C0022E7C1EFA}.Debug|x86.ActiveCfg = Debug|Any CPU
		{73EC626F-1763-41A5-8FE6-C0022E7C1EFA}.Debug|x86.Build.0 = Debug|Any CPU
		{73EC626F-1763-41A5-8FE6-C0022E7C1EFA}.Release|Any CPU.ActiveCfg = Release|Any CPU
		{73EC626F-1763-41A5-8FE6-C0022E7C1EFA}.Release|Any CPU.Build.0 = Release|Any CPU
		{73EC626F-1763-41A5-8FE6-C0022E7C1EFA}.Release|x86.ActiveCfg = Release|Any CPU
		{73EC626F-1763-41A5-8FE6-C0022E7C1EFA}.Release|x86.Build.0 = Release|Any CPU
		{BD34E03A-678D-4DEA-AC36-F3A71AC5EC7A}.Debug|Any CPU.ActiveCfg = Debug|Any CPU
		{BD34E03A-678D-4DEA-AC36-F3A71AC5EC7A}.Debug|Any CPU.Build.0 = Debug|Any CPU
		{BD34E03A-678D-4DEA-AC36-F3A71AC5EC7A}.Debug|x86.ActiveCfg = Debug|Any CPU
		{BD34E03A-678D-4DEA-AC36-F3A71AC5EC7A}.Debug|x86.Build.0 = Debug|Any CPU
		{BD34E03A-678D-4DEA-AC36-F3A71AC5EC7A}.Release|Any CPU.ActiveCfg = Release|Any CPU
		{BD34E03A-678D-4DEA-AC36-F3A71AC5EC7A}.Release|Any CPU.Build.0 = Release|Any CPU
		{BD34E03A-678D-4DEA-AC36-F3A71AC5EC7A}.Release|x86.ActiveCfg = Release|Any CPU
		{BD34E03A-678D-4DEA-AC36-F3A71AC5EC7A}.Release|x86.Build.0 = Release|Any CPU
		{09B7FA53-1B1C-4199-91BB-0EABE1A280DA}.Debug|Any CPU.ActiveCfg = Debug|Any CPU
		{09B7FA53-1B1C-4199-91BB-0EABE1A280DA}.Debug|Any CPU.Build.0 = Debug|Any CPU
		{09B7FA53-1B1C-4199-91BB-0EABE1A280DA}.Debug|x86.ActiveCfg = Debug|Any CPU
		{09B7FA53-1B1C-4199-91BB-0EABE1A280DA}.Debug|x86.Build.0 = Debug|Any CPU
		{09B7FA53-1B1C-4199-91BB-0EABE1A280DA}.Release|Any CPU.ActiveCfg = Release|Any CPU
		{09B7FA53-1B1C-4199-91BB-0EABE1A280DA}.Release|Any CPU.Build.0 = Release|Any CPU
		{09B7FA53-1B1C-4199-91BB-0EABE1A280DA}.Release|x86.ActiveCfg = Release|Any CPU
		{09B7FA53-1B1C-4199-91BB-0EABE1A280DA}.Release|x86.Build.0 = Release|Any CPU
		{EB54AA5A-1F91-4FDD-8E36-75EA8BE6CE7D}.Debug|Any CPU.ActiveCfg = Debug|Any CPU
		{EB54AA5A-1F91-4FDD-8E36-75EA8BE6CE7D}.Debug|Any CPU.Build.0 = Debug|Any CPU
		{EB54AA5A-1F91-4FDD-8E36-75EA8BE6CE7D}.Debug|x86.ActiveCfg = Debug|Any CPU
		{EB54AA5A-1F91-4FDD-8E36-75EA8BE6CE7D}.Debug|x86.Build.0 = Debug|Any CPU
		{EB54AA5A-1F91-4FDD-8E36-75EA8BE6CE7D}.Release|Any CPU.ActiveCfg = Release|Any CPU
		{EB54AA5A-1F91-4FDD-8E36-75EA8BE6CE7D}.Release|Any CPU.Build.0 = Release|Any CPU
		{EB54AA5A-1F91-4FDD-8E36-75EA8BE6CE7D}.Release|x86.ActiveCfg = Release|Any CPU
		{EB54AA5A-1F91-4FDD-8E36-75EA8BE6CE7D}.Release|x86.Build.0 = Release|Any CPU
		{CD4A416B-40A0-4818-80A0-8B97923B73D4}.Debug|Any CPU.ActiveCfg = Debug|Any CPU
		{CD4A416B-40A0-4818-80A0-8B97923B73D4}.Debug|Any CPU.Build.0 = Debug|Any CPU
		{CD4A416B-40A0-4818-80A0-8B97923B73D4}.Debug|x86.ActiveCfg = Debug|Any CPU
		{CD4A416B-40A0-4818-80A0-8B97923B73D4}.Debug|x86.Build.0 = Debug|Any CPU
		{CD4A416B-40A0-4818-80A0-8B97923B73D4}.Release|Any CPU.ActiveCfg = Release|Any CPU
		{CD4A416B-40A0-4818-80A0-8B97923B73D4}.Release|Any CPU.Build.0 = Release|Any CPU
		{CD4A416B-40A0-4818-80A0-8B97923B73D4}.Release|x86.ActiveCfg = Release|Any CPU
		{CD4A416B-40A0-4818-80A0-8B97923B73D4}.Release|x86.Build.0 = Release|Any CPU
		{20F5D29C-BB62-461D-82C2-D9CCAB707DFD}.Debug|Any CPU.ActiveCfg = Debug|Any CPU
		{20F5D29C-BB62-461D-82C2-D9CCAB707DFD}.Debug|Any CPU.Build.0 = Debug|Any CPU
		{20F5D29C-BB62-461D-82C2-D9CCAB707DFD}.Debug|x86.ActiveCfg = Debug|Any CPU
		{20F5D29C-BB62-461D-82C2-D9CCAB707DFD}.Debug|x86.Build.0 = Debug|Any CPU
		{20F5D29C-BB62-461D-82C2-D9CCAB707DFD}.Release|Any CPU.ActiveCfg = Release|Any CPU
		{20F5D29C-BB62-461D-82C2-D9CCAB707DFD}.Release|Any CPU.Build.0 = Release|Any CPU
		{20F5D29C-BB62-461D-82C2-D9CCAB707DFD}.Release|x86.ActiveCfg = Release|Any CPU
		{20F5D29C-BB62-461D-82C2-D9CCAB707DFD}.Release|x86.Build.0 = Release|Any CPU
		{08A87327-29D7-45A8-8391-8171430F82A1}.Debug|Any CPU.ActiveCfg = Debug|Any CPU
		{08A87327-29D7-45A8-8391-8171430F82A1}.Debug|Any CPU.Build.0 = Debug|Any CPU
		{08A87327-29D7-45A8-8391-8171430F82A1}.Debug|x86.ActiveCfg = Debug|Any CPU
		{08A87327-29D7-45A8-8391-8171430F82A1}.Debug|x86.Build.0 = Debug|Any CPU
		{08A87327-29D7-45A8-8391-8171430F82A1}.Release|Any CPU.ActiveCfg = Release|Any CPU
		{08A87327-29D7-45A8-8391-8171430F82A1}.Release|Any CPU.Build.0 = Release|Any CPU
		{08A87327-29D7-45A8-8391-8171430F82A1}.Release|x86.ActiveCfg = Release|Any CPU
		{08A87327-29D7-45A8-8391-8171430F82A1}.Release|x86.Build.0 = Release|Any CPU
		{B0CB5C13-B334-4DA8-8267-2E2B42B9F023}.Debug|Any CPU.ActiveCfg = Debug|Any CPU
		{B0CB5C13-B334-4DA8-8267-2E2B42B9F023}.Debug|Any CPU.Build.0 = Debug|Any CPU
		{B0CB5C13-B334-4DA8-8267-2E2B42B9F023}.Debug|x86.ActiveCfg = Debug|Any CPU
		{B0CB5C13-B334-4DA8-8267-2E2B42B9F023}.Debug|x86.Build.0 = Debug|Any CPU
		{B0CB5C13-B334-4DA8-8267-2E2B42B9F023}.Release|Any CPU.ActiveCfg = Release|Any CPU
		{B0CB5C13-B334-4DA8-8267-2E2B42B9F023}.Release|Any CPU.Build.0 = Release|Any CPU
		{B0CB5C13-B334-4DA8-8267-2E2B42B9F023}.Release|x86.ActiveCfg = Release|Any CPU
		{B0CB5C13-B334-4DA8-8267-2E2B42B9F023}.Release|x86.Build.0 = Release|Any CPU
		{50B05137-7608-4607-A278-70AE46752881}.Debug|Any CPU.ActiveCfg = Debug|Any CPU
		{50B05137-7608-4607-A278-70AE46752881}.Debug|Any CPU.Build.0 = Debug|Any CPU
		{50B05137-7608-4607-A278-70AE46752881}.Debug|x86.ActiveCfg = Debug|Any CPU
		{50B05137-7608-4607-A278-70AE46752881}.Debug|x86.Build.0 = Debug|Any CPU
		{50B05137-7608-4607-A278-70AE46752881}.Release|Any CPU.ActiveCfg = Release|Any CPU
		{50B05137-7608-4607-A278-70AE46752881}.Release|Any CPU.Build.0 = Release|Any CPU
		{50B05137-7608-4607-A278-70AE46752881}.Release|x86.ActiveCfg = Release|Any CPU
		{50B05137-7608-4607-A278-70AE46752881}.Release|x86.Build.0 = Release|Any CPU
		{915810E8-DABF-452D-A33E-F82057132DE6}.Debug|Any CPU.ActiveCfg = Debug|Any CPU
		{915810E8-DABF-452D-A33E-F82057132DE6}.Debug|Any CPU.Build.0 = Debug|Any CPU
		{915810E8-DABF-452D-A33E-F82057132DE6}.Debug|x86.ActiveCfg = Debug|Any CPU
		{915810E8-DABF-452D-A33E-F82057132DE6}.Debug|x86.Build.0 = Debug|Any CPU
		{915810E8-DABF-452D-A33E-F82057132DE6}.Release|Any CPU.ActiveCfg = Release|Any CPU
		{915810E8-DABF-452D-A33E-F82057132DE6}.Release|Any CPU.Build.0 = Release|Any CPU
		{915810E8-DABF-452D-A33E-F82057132DE6}.Release|x86.ActiveCfg = Release|Any CPU
		{915810E8-DABF-452D-A33E-F82057132DE6}.Release|x86.Build.0 = Release|Any CPU
		{A7DFE904-5189-49CE-A1CD-E00D93A3B980}.Debug|Any CPU.ActiveCfg = Debug|Any CPU
		{A7DFE904-5189-49CE-A1CD-E00D93A3B980}.Debug|Any CPU.Build.0 = Debug|Any CPU
		{A7DFE904-5189-49CE-A1CD-E00D93A3B980}.Debug|x86.ActiveCfg = Debug|Any CPU
		{A7DFE904-5189-49CE-A1CD-E00D93A3B980}.Debug|x86.Build.0 = Debug|Any CPU
		{A7DFE904-5189-49CE-A1CD-E00D93A3B980}.Release|Any CPU.ActiveCfg = Release|Any CPU
		{A7DFE904-5189-49CE-A1CD-E00D93A3B980}.Release|Any CPU.Build.0 = Release|Any CPU
		{A7DFE904-5189-49CE-A1CD-E00D93A3B980}.Release|x86.ActiveCfg = Release|Any CPU
		{A7DFE904-5189-49CE-A1CD-E00D93A3B980}.Release|x86.Build.0 = Release|Any CPU
		{46A17E67-7E3E-4369-9B1F-43BA34BBDAEF}.Debug|Any CPU.ActiveCfg = Debug|Any CPU
		{46A17E67-7E3E-4369-9B1F-43BA34BBDAEF}.Debug|Any CPU.Build.0 = Debug|Any CPU
		{46A17E67-7E3E-4369-9B1F-43BA34BBDAEF}.Debug|x86.ActiveCfg = Debug|Any CPU
		{46A17E67-7E3E-4369-9B1F-43BA34BBDAEF}.Debug|x86.Build.0 = Debug|Any CPU
		{46A17E67-7E3E-4369-9B1F-43BA34BBDAEF}.Release|Any CPU.ActiveCfg = Release|Any CPU
		{46A17E67-7E3E-4369-9B1F-43BA34BBDAEF}.Release|Any CPU.Build.0 = Release|Any CPU
		{46A17E67-7E3E-4369-9B1F-43BA34BBDAEF}.Release|x86.ActiveCfg = Release|Any CPU
		{46A17E67-7E3E-4369-9B1F-43BA34BBDAEF}.Release|x86.Build.0 = Release|Any CPU
		{029743AF-7D4F-4358-AEE5-A8F3D94995FB}.Debug|Any CPU.ActiveCfg = Debug|Any CPU
		{029743AF-7D4F-4358-AEE5-A8F3D94995FB}.Debug|Any CPU.Build.0 = Debug|Any CPU
		{029743AF-7D4F-4358-AEE5-A8F3D94995FB}.Debug|x86.ActiveCfg = Debug|Any CPU
		{029743AF-7D4F-4358-AEE5-A8F3D94995FB}.Debug|x86.Build.0 = Debug|Any CPU
		{029743AF-7D4F-4358-AEE5-A8F3D94995FB}.Release|Any CPU.ActiveCfg = Release|Any CPU
		{029743AF-7D4F-4358-AEE5-A8F3D94995FB}.Release|Any CPU.Build.0 = Release|Any CPU
		{029743AF-7D4F-4358-AEE5-A8F3D94995FB}.Release|x86.ActiveCfg = Release|Any CPU
		{029743AF-7D4F-4358-AEE5-A8F3D94995FB}.Release|x86.Build.0 = Release|Any CPU
		{D207CC69-AECC-47B7-8BCB-0F97BB54255E}.Debug|Any CPU.ActiveCfg = Debug|Any CPU
		{D207CC69-AECC-47B7-8BCB-0F97BB54255E}.Debug|Any CPU.Build.0 = Debug|Any CPU
		{D207CC69-AECC-47B7-8BCB-0F97BB54255E}.Debug|x86.ActiveCfg = Debug|Any CPU
		{D207CC69-AECC-47B7-8BCB-0F97BB54255E}.Debug|x86.Build.0 = Debug|Any CPU
		{D207CC69-AECC-47B7-8BCB-0F97BB54255E}.Release|Any CPU.ActiveCfg = Release|Any CPU
		{D207CC69-AECC-47B7-8BCB-0F97BB54255E}.Release|Any CPU.Build.0 = Release|Any CPU
		{D207CC69-AECC-47B7-8BCB-0F97BB54255E}.Release|x86.ActiveCfg = Release|Any CPU
		{D207CC69-AECC-47B7-8BCB-0F97BB54255E}.Release|x86.Build.0 = Release|Any CPU
		{B2B70CE5-1669-4CFB-8305-7A986F6B890C}.Debug|Any CPU.ActiveCfg = Debug|Any CPU
		{B2B70CE5-1669-4CFB-8305-7A986F6B890C}.Debug|Any CPU.Build.0 = Debug|Any CPU
		{B2B70CE5-1669-4CFB-8305-7A986F6B890C}.Debug|x86.ActiveCfg = Debug|Any CPU
		{B2B70CE5-1669-4CFB-8305-7A986F6B890C}.Debug|x86.Build.0 = Debug|Any CPU
		{B2B70CE5-1669-4CFB-8305-7A986F6B890C}.Release|Any CPU.ActiveCfg = Release|Any CPU
		{B2B70CE5-1669-4CFB-8305-7A986F6B890C}.Release|Any CPU.Build.0 = Release|Any CPU
		{B2B70CE5-1669-4CFB-8305-7A986F6B890C}.Release|x86.ActiveCfg = Release|Any CPU
		{B2B70CE5-1669-4CFB-8305-7A986F6B890C}.Release|x86.Build.0 = Release|Any CPU
		{1526AAFB-D4E8-480D-9002-7845A6031214}.Debug|Any CPU.ActiveCfg = Debug|Any CPU
		{1526AAFB-D4E8-480D-9002-7845A6031214}.Debug|Any CPU.Build.0 = Debug|Any CPU
		{1526AAFB-D4E8-480D-9002-7845A6031214}.Debug|x86.ActiveCfg = Debug|Any CPU
		{1526AAFB-D4E8-480D-9002-7845A6031214}.Debug|x86.Build.0 = Debug|Any CPU
		{1526AAFB-D4E8-480D-9002-7845A6031214}.Release|Any CPU.ActiveCfg = Release|Any CPU
		{1526AAFB-D4E8-480D-9002-7845A6031214}.Release|Any CPU.Build.0 = Release|Any CPU
		{1526AAFB-D4E8-480D-9002-7845A6031214}.Release|x86.ActiveCfg = Release|Any CPU
		{1526AAFB-D4E8-480D-9002-7845A6031214}.Release|x86.Build.0 = Release|Any CPU
		{06667FE2-5D4C-4466-94C3-A879A36491F1}.Debug|Any CPU.ActiveCfg = Debug|Any CPU
		{06667FE2-5D4C-4466-94C3-A879A36491F1}.Debug|Any CPU.Build.0 = Debug|Any CPU
		{06667FE2-5D4C-4466-94C3-A879A36491F1}.Debug|x86.ActiveCfg = Debug|Any CPU
		{06667FE2-5D4C-4466-94C3-A879A36491F1}.Debug|x86.Build.0 = Debug|Any CPU
		{06667FE2-5D4C-4466-94C3-A879A36491F1}.Release|Any CPU.ActiveCfg = Release|Any CPU
		{06667FE2-5D4C-4466-94C3-A879A36491F1}.Release|Any CPU.Build.0 = Release|Any CPU
		{06667FE2-5D4C-4466-94C3-A879A36491F1}.Release|x86.ActiveCfg = Release|Any CPU
		{06667FE2-5D4C-4466-94C3-A879A36491F1}.Release|x86.Build.0 = Release|Any CPU
		{F3EA052C-2984-4CA5-B35B-7C57A054FA43}.Debug|Any CPU.ActiveCfg = Debug|Any CPU
		{F3EA052C-2984-4CA5-B35B-7C57A054FA43}.Debug|Any CPU.Build.0 = Debug|Any CPU
		{F3EA052C-2984-4CA5-B35B-7C57A054FA43}.Debug|x86.ActiveCfg = Debug|Any CPU
		{F3EA052C-2984-4CA5-B35B-7C57A054FA43}.Debug|x86.Build.0 = Debug|Any CPU
		{F3EA052C-2984-4CA5-B35B-7C57A054FA43}.Release|Any CPU.ActiveCfg = Release|Any CPU
		{F3EA052C-2984-4CA5-B35B-7C57A054FA43}.Release|Any CPU.Build.0 = Release|Any CPU
		{F3EA052C-2984-4CA5-B35B-7C57A054FA43}.Release|x86.ActiveCfg = Release|Any CPU
		{F3EA052C-2984-4CA5-B35B-7C57A054FA43}.Release|x86.Build.0 = Release|Any CPU
		{CE75B2FE-C027-42F6-8D00-E44CC38BE7C7}.Debug|Any CPU.ActiveCfg = Debug|Any CPU
		{CE75B2FE-C027-42F6-8D00-E44CC38BE7C7}.Debug|Any CPU.Build.0 = Debug|Any CPU
		{CE75B2FE-C027-42F6-8D00-E44CC38BE7C7}.Debug|x86.ActiveCfg = Debug|Any CPU
		{CE75B2FE-C027-42F6-8D00-E44CC38BE7C7}.Debug|x86.Build.0 = Debug|Any CPU
		{CE75B2FE-C027-42F6-8D00-E44CC38BE7C7}.Release|Any CPU.ActiveCfg = Release|Any CPU
		{CE75B2FE-C027-42F6-8D00-E44CC38BE7C7}.Release|Any CPU.Build.0 = Release|Any CPU
		{CE75B2FE-C027-42F6-8D00-E44CC38BE7C7}.Release|x86.ActiveCfg = Release|Any CPU
		{CE75B2FE-C027-42F6-8D00-E44CC38BE7C7}.Release|x86.Build.0 = Release|Any CPU
		{40939D61-31DF-43AA-9485-2DAE708D23ED}.Debug|Any CPU.ActiveCfg = Debug|Any CPU
		{40939D61-31DF-43AA-9485-2DAE708D23ED}.Debug|Any CPU.Build.0 = Debug|Any CPU
		{40939D61-31DF-43AA-9485-2DAE708D23ED}.Debug|x86.ActiveCfg = Debug|Any CPU
		{40939D61-31DF-43AA-9485-2DAE708D23ED}.Debug|x86.Build.0 = Debug|Any CPU
		{40939D61-31DF-43AA-9485-2DAE708D23ED}.Release|Any CPU.ActiveCfg = Release|Any CPU
		{40939D61-31DF-43AA-9485-2DAE708D23ED}.Release|Any CPU.Build.0 = Release|Any CPU
		{40939D61-31DF-43AA-9485-2DAE708D23ED}.Release|x86.ActiveCfg = Release|Any CPU
		{40939D61-31DF-43AA-9485-2DAE708D23ED}.Release|x86.Build.0 = Release|Any CPU
		{19DC709D-3BEA-4C6E-91C1-2BAA77016A8F}.Debug|Any CPU.ActiveCfg = Debug|Any CPU
		{19DC709D-3BEA-4C6E-91C1-2BAA77016A8F}.Debug|Any CPU.Build.0 = Debug|Any CPU
		{19DC709D-3BEA-4C6E-91C1-2BAA77016A8F}.Debug|x86.ActiveCfg = Debug|Any CPU
		{19DC709D-3BEA-4C6E-91C1-2BAA77016A8F}.Debug|x86.Build.0 = Debug|Any CPU
		{19DC709D-3BEA-4C6E-91C1-2BAA77016A8F}.Release|Any CPU.ActiveCfg = Release|Any CPU
		{19DC709D-3BEA-4C6E-91C1-2BAA77016A8F}.Release|Any CPU.Build.0 = Release|Any CPU
		{19DC709D-3BEA-4C6E-91C1-2BAA77016A8F}.Release|x86.ActiveCfg = Release|Any CPU
		{19DC709D-3BEA-4C6E-91C1-2BAA77016A8F}.Release|x86.Build.0 = Release|Any CPU
		{EB3F3838-4E2E-4AE3-AEAB-A5F314694BF2}.Debug|Any CPU.ActiveCfg = Debug|Any CPU
		{EB3F3838-4E2E-4AE3-AEAB-A5F314694BF2}.Debug|Any CPU.Build.0 = Debug|Any CPU
		{EB3F3838-4E2E-4AE3-AEAB-A5F314694BF2}.Debug|x86.ActiveCfg = Debug|Any CPU
		{EB3F3838-4E2E-4AE3-AEAB-A5F314694BF2}.Debug|x86.Build.0 = Debug|Any CPU
		{EB3F3838-4E2E-4AE3-AEAB-A5F314694BF2}.Release|Any CPU.ActiveCfg = Release|Any CPU
		{EB3F3838-4E2E-4AE3-AEAB-A5F314694BF2}.Release|Any CPU.Build.0 = Release|Any CPU
		{EB3F3838-4E2E-4AE3-AEAB-A5F314694BF2}.Release|x86.ActiveCfg = Release|Any CPU
		{EB3F3838-4E2E-4AE3-AEAB-A5F314694BF2}.Release|x86.Build.0 = Release|Any CPU
		{579C6F2E-3464-45A1-8DEF-B8150DBBB11E}.Debug|Any CPU.ActiveCfg = Debug|Any CPU
		{579C6F2E-3464-45A1-8DEF-B8150DBBB11E}.Debug|Any CPU.Build.0 = Debug|Any CPU
		{579C6F2E-3464-45A1-8DEF-B8150DBBB11E}.Debug|x86.ActiveCfg = Debug|Any CPU
		{579C6F2E-3464-45A1-8DEF-B8150DBBB11E}.Debug|x86.Build.0 = Debug|Any CPU
		{579C6F2E-3464-45A1-8DEF-B8150DBBB11E}.Release|Any CPU.ActiveCfg = Release|Any CPU
		{579C6F2E-3464-45A1-8DEF-B8150DBBB11E}.Release|Any CPU.Build.0 = Release|Any CPU
		{579C6F2E-3464-45A1-8DEF-B8150DBBB11E}.Release|x86.ActiveCfg = Release|Any CPU
		{579C6F2E-3464-45A1-8DEF-B8150DBBB11E}.Release|x86.Build.0 = Release|Any CPU
		{55EF5D10-F92C-434C-A23C-2D3573D9F0E9}.Debug|Any CPU.ActiveCfg = Debug|Any CPU
		{55EF5D10-F92C-434C-A23C-2D3573D9F0E9}.Debug|Any CPU.Build.0 = Debug|Any CPU
		{55EF5D10-F92C-434C-A23C-2D3573D9F0E9}.Debug|x86.ActiveCfg = Debug|Any CPU
		{55EF5D10-F92C-434C-A23C-2D3573D9F0E9}.Debug|x86.Build.0 = Debug|Any CPU
		{55EF5D10-F92C-434C-A23C-2D3573D9F0E9}.Release|Any CPU.ActiveCfg = Release|Any CPU
		{55EF5D10-F92C-434C-A23C-2D3573D9F0E9}.Release|Any CPU.Build.0 = Release|Any CPU
		{55EF5D10-F92C-434C-A23C-2D3573D9F0E9}.Release|x86.ActiveCfg = Release|Any CPU
		{55EF5D10-F92C-434C-A23C-2D3573D9F0E9}.Release|x86.Build.0 = Release|Any CPU
		{6F0DB927-2BCE-4336-A715-96D377909DB8}.Debug|Any CPU.ActiveCfg = Debug|Any CPU
		{6F0DB927-2BCE-4336-A715-96D377909DB8}.Debug|Any CPU.Build.0 = Debug|Any CPU
		{6F0DB927-2BCE-4336-A715-96D377909DB8}.Debug|x86.ActiveCfg = Debug|Any CPU
		{6F0DB927-2BCE-4336-A715-96D377909DB8}.Debug|x86.Build.0 = Debug|Any CPU
		{6F0DB927-2BCE-4336-A715-96D377909DB8}.Release|Any CPU.ActiveCfg = Release|Any CPU
		{6F0DB927-2BCE-4336-A715-96D377909DB8}.Release|Any CPU.Build.0 = Release|Any CPU
		{6F0DB927-2BCE-4336-A715-96D377909DB8}.Release|x86.ActiveCfg = Release|Any CPU
		{6F0DB927-2BCE-4336-A715-96D377909DB8}.Release|x86.Build.0 = Release|Any CPU
		{40C39E63-67B7-4DCA-9395-A6F8039DA56A}.Debug|Any CPU.ActiveCfg = Debug|Any CPU
		{40C39E63-67B7-4DCA-9395-A6F8039DA56A}.Debug|Any CPU.Build.0 = Debug|Any CPU
		{40C39E63-67B7-4DCA-9395-A6F8039DA56A}.Debug|x86.ActiveCfg = Debug|Any CPU
		{40C39E63-67B7-4DCA-9395-A6F8039DA56A}.Debug|x86.Build.0 = Debug|Any CPU
		{40C39E63-67B7-4DCA-9395-A6F8039DA56A}.Release|Any CPU.ActiveCfg = Release|Any CPU
		{40C39E63-67B7-4DCA-9395-A6F8039DA56A}.Release|Any CPU.Build.0 = Release|Any CPU
		{40C39E63-67B7-4DCA-9395-A6F8039DA56A}.Release|x86.ActiveCfg = Release|Any CPU
		{40C39E63-67B7-4DCA-9395-A6F8039DA56A}.Release|x86.Build.0 = Release|Any CPU
		{8AE85C33-965C-4963-A004-70208B83BFDB}.Debug|Any CPU.ActiveCfg = Debug|Any CPU
		{8AE85C33-965C-4963-A004-70208B83BFDB}.Debug|Any CPU.Build.0 = Debug|Any CPU
		{8AE85C33-965C-4963-A004-70208B83BFDB}.Debug|x86.ActiveCfg = Debug|Any CPU
		{8AE85C33-965C-4963-A004-70208B83BFDB}.Debug|x86.Build.0 = Debug|Any CPU
		{8AE85C33-965C-4963-A004-70208B83BFDB}.Release|Any CPU.ActiveCfg = Release|Any CPU
		{8AE85C33-965C-4963-A004-70208B83BFDB}.Release|Any CPU.Build.0 = Release|Any CPU
		{8AE85C33-965C-4963-A004-70208B83BFDB}.Release|x86.ActiveCfg = Release|Any CPU
		{8AE85C33-965C-4963-A004-70208B83BFDB}.Release|x86.Build.0 = Release|Any CPU
	EndGlobalSection
	GlobalSection(SolutionProperties) = preSolution
		HideSolutionNode = FALSE
	EndGlobalSection
	GlobalSection(NestedProjects) = preSolution
		{65728369-8C08-402F-94DA-51D3D158187C} = {7009642E-3EC8-422E-BFB6-E3DD4AF2F325}
		{35829FDA-0DF8-4046-9399-B292ABCE5D03} = {7009642E-3EC8-422E-BFB6-E3DD4AF2F325}
		{77FD0C0E-3156-4183-8FC4-572B9E3CDD89} = {A7427832-5548-42F0-A355-2C11C1515CE2}
		{105694CD-48D6-404E-8AC1-1F994D9DC946} = {A7427832-5548-42F0-A355-2C11C1515CE2}
		{73EC626F-1763-41A5-8FE6-C0022E7C1EFA} = {A7427832-5548-42F0-A355-2C11C1515CE2}
		{BD34E03A-678D-4DEA-AC36-F3A71AC5EC7A} = {CC68E7E8-0034-4DB4-B43D-2E0624B70D3D}
		{09B7FA53-1B1C-4199-91BB-0EABE1A280DA} = {CC68E7E8-0034-4DB4-B43D-2E0624B70D3D}
		{EB54AA5A-1F91-4FDD-8E36-75EA8BE6CE7D} = {CC68E7E8-0034-4DB4-B43D-2E0624B70D3D}
		{CD4A416B-40A0-4818-80A0-8B97923B73D4} = {CC68E7E8-0034-4DB4-B43D-2E0624B70D3D}
		{20F5D29C-BB62-461D-82C2-D9CCAB707DFD} = {CC68E7E8-0034-4DB4-B43D-2E0624B70D3D}
		{08A87327-29D7-45A8-8391-8171430F82A1} = {CC68E7E8-0034-4DB4-B43D-2E0624B70D3D}
		{B0CB5C13-B334-4DA8-8267-2E2B42B9F023} = {CC68E7E8-0034-4DB4-B43D-2E0624B70D3D}
		{50B05137-7608-4607-A278-70AE46752881} = {CC68E7E8-0034-4DB4-B43D-2E0624B70D3D}
		{915810E8-DABF-452D-A33E-F82057132DE6} = {CC68E7E8-0034-4DB4-B43D-2E0624B70D3D}
		{A7DFE904-5189-49CE-A1CD-E00D93A3B980} = {CC68E7E8-0034-4DB4-B43D-2E0624B70D3D}
		{46A17E67-7E3E-4369-9B1F-43BA34BBDAEF} = {CC68E7E8-0034-4DB4-B43D-2E0624B70D3D}
		{029743AF-7D4F-4358-AEE5-A8F3D94995FB} = {CEF6C45D-FDC4-4FF1-89C7-5DEFF1A94044}
		{D207CC69-AECC-47B7-8BCB-0F97BB54255E} = {CEF6C45D-FDC4-4FF1-89C7-5DEFF1A94044}
		{B2B70CE5-1669-4CFB-8305-7A986F6B890C} = {CEF6C45D-FDC4-4FF1-89C7-5DEFF1A94044}
		{1526AAFB-D4E8-480D-9002-7845A6031214} = {CEF6C45D-FDC4-4FF1-89C7-5DEFF1A94044}
		{06667FE2-5D4C-4466-94C3-A879A36491F1} = {CC68E7E8-0034-4DB4-B43D-2E0624B70D3D}
		{F3EA052C-2984-4CA5-B35B-7C57A054FA43} = {CC68E7E8-0034-4DB4-B43D-2E0624B70D3D}
		{CE75B2FE-C027-42F6-8D00-E44CC38BE7C7} = {CC68E7E8-0034-4DB4-B43D-2E0624B70D3D}
		{40939D61-31DF-43AA-9485-2DAE708D23ED} = {CEF6C45D-FDC4-4FF1-89C7-5DEFF1A94044}
		{19DC709D-3BEA-4C6E-91C1-2BAA77016A8F} = {CEF6C45D-FDC4-4FF1-89C7-5DEFF1A94044}
		{EB3F3838-4E2E-4AE3-AEAB-A5F314694BF2} = {CC68E7E8-0034-4DB4-B43D-2E0624B70D3D}
		{579C6F2E-3464-45A1-8DEF-B8150DBBB11E} = {CC68E7E8-0034-4DB4-B43D-2E0624B70D3D}
		{55EF5D10-F92C-434C-A23C-2D3573D9F0E9} = {94358431-388E-4216-9353-69955AB7A3A5}
		{6F0DB927-2BCE-4336-A715-96D377909DB8} = {115D05B2-E0DC-45EB-9B52-94C1CEE3A01C}
		{40C39E63-67B7-4DCA-9395-A6F8039DA56A} = {48B22629-B339-475E-A60E-4811F132A1A0}
		{8AE85C33-965C-4963-A004-70208B83BFDB} = {48B22629-B339-475E-A60E-4811F132A1A0}
	EndGlobalSection
EndGlobal
